// !$*UTF8*$!
{
	archiveVersion = 1;
	classes = {
	};
	objectVersion = 56;
	objects = {

/* Begin PBXBuildFile section */
		2A06A4EE2BDE31F2008C8EDF /* NavigationItemView.swift in Sources */ = {isa = PBXBuildFile; fileRef = 2A06A4ED2BDE31F2008C8EDF /* NavigationItemView.swift */; };
		2A06A4F12BDE3556008C8EDF /* Extensions.swift in Sources */ = {isa = PBXBuildFile; fileRef = 2A06A4F02BDE3556008C8EDF /* Extensions.swift */; };
		2A06A4F42BDE3C3B008C8EDF /* QuickTextGroupView.swift in Sources */ = {isa = PBXBuildFile; fileRef = 2A06A4F32BDE3C3B008C8EDF /* QuickTextGroupView.swift */; };
		2A06A4F62BDE3CD5008C8EDF /* CuttingBoardView.swift in Sources */ = {isa = PBXBuildFile; fileRef = 2A06A4F52BDE3CD5008C8EDF /* CuttingBoardView.swift */; };
		2A06A4F82BDE3CEE008C8EDF /* SettingView.swift in Sources */ = {isa = PBXBuildFile; fileRef = 2A06A4F72BDE3CEE008C8EDF /* SettingView.swift */; };
		2A06A4FA2BDE4075008C8EDF /* Modifier.swift in Sources */ = {isa = PBXBuildFile; fileRef = 2A06A4F92BDE4075008C8EDF /* Modifier.swift */; };
		2A06A4FD2BDE4ED7008C8EDF /* QuickTextGroup.swift in Sources */ = {isa = PBXBuildFile; fileRef = 2A06A4FC2BDE4ED7008C8EDF /* QuickTextGroup.swift */; };
		2A06A5012BDE54F4008C8EDF /* LabelView.swift in Sources */ = {isa = PBXBuildFile; fileRef = 2A06A5002BDE54F4008C8EDF /* LabelView.swift */; };
		2A06A5032BDE5765008C8EDF /* CreateLabelGroupView.swift in Sources */ = {isa = PBXBuildFile; fileRef = 2A06A5022BDE5765008C8EDF /* CreateLabelGroupView.swift */; };
		2A06A5052BDF6DF0008C8EDF /* QuickTextViewModel.swift in Sources */ = {isa = PBXBuildFile; fileRef = 2A06A5042BDF6DF0008C8EDF /* QuickTextViewModel.swift */; };
		2A06A5072BDF6EFE008C8EDF /* QuickText.swift in Sources */ = {isa = PBXBuildFile; fileRef = 2A06A5062BDF6EFE008C8EDF /* QuickText.swift */; };
		2A06A50A2BDF73F1008C8EDF /* CounterTool.swift in Sources */ = {isa = PBXBuildFile; fileRef = 2A06A5092BDF73F1008C8EDF /* CounterTool.swift */; };
		2A06A50C2BDF7E64008C8EDF /* Config.swift in Sources */ = {isa = PBXBuildFile; fileRef = 2A06A50B2BDF7E64008C8EDF /* Config.swift */; };
		2A06A50E2BDFAA47008C8EDF /* QuickTextView.swift in Sources */ = {isa = PBXBuildFile; fileRef = 2A06A50D2BDFAA47008C8EDF /* QuickTextView.swift */; };
		2A06A5102BE0AC48008C8EDF /* CreateQuickTextView.swift in Sources */ = {isa = PBXBuildFile; fileRef = 2A06A50F2BE0AC48008C8EDF /* CreateQuickTextView.swift */; };
		2A06A5122BE0AC97008C8EDF /* TitleView.swift in Sources */ = {isa = PBXBuildFile; fileRef = 2A06A5112BE0AC97008C8EDF /* TitleView.swift */; };
		2A06A5142BE0C6F1008C8EDF /* EditQuickTextView.swift in Sources */ = {isa = PBXBuildFile; fileRef = 2A06A5132BE0C6F1008C8EDF /* EditQuickTextView.swift */; };
		2A06A5172BE0CAC7008C8EDF /* EditQuickGroupView.swift in Sources */ = {isa = PBXBuildFile; fileRef = 2A06A5162BE0CAC7008C8EDF /* EditQuickGroupView.swift */; };
		2A06A5192BE0CB24008C8EDF /* DefaultColorCheckView.swift in Sources */ = {isa = PBXBuildFile; fileRef = 2A06A5182BE0CB24008C8EDF /* DefaultColorCheckView.swift */; };
		2A06A51B2BE0CFED008C8EDF /* AllQuickTextView.swift in Sources */ = {isa = PBXBuildFile; fileRef = 2A06A51A2BE0CFED008C8EDF /* AllQuickTextView.swift */; };
		2A32B2732BE9D87000081DF6 /* QuickTextViewModel.swift in Sources */ = {isa = PBXBuildFile; fileRef = 2A32B2722BE9D87000081DF6 /* QuickTextViewModel.swift */; };
		2A32B2762BE9D8C300081DF6 /* QuickText.swift in Sources */ = {isa = PBXBuildFile; fileRef = 2A32B2752BE9D8C300081DF6 /* QuickText.swift */; };
		2A32B2782BE9D8F400081DF6 /* QuickTextGroup.swift in Sources */ = {isa = PBXBuildFile; fileRef = 2A32B2772BE9D8F400081DF6 /* QuickTextGroup.swift */; };
		2A32B27A2BE9DA2B00081DF6 /* Config.swift in Sources */ = {isa = PBXBuildFile; fileRef = 2A32B2792BE9DA2B00081DF6 /* Config.swift */; };
		2A32B27F2BEA0D5300081DF6 /* QuickTextPage.swift in Sources */ = {isa = PBXBuildFile; fileRef = 2A32B27E2BEA0D5300081DF6 /* QuickTextPage.swift */; };
		2A975E342BD9074D0043BD43 /* KeyboardToolApp.swift in Sources */ = {isa = PBXBuildFile; fileRef = 2A975E332BD9074D0043BD43 /* KeyboardToolApp.swift */; };
		2A975E362BD9074D0043BD43 /* ContentView.swift in Sources */ = {isa = PBXBuildFile; fileRef = 2A975E352BD9074D0043BD43 /* ContentView.swift */; };
		2A975E382BD907500043BD43 /* Assets.xcassets in Resources */ = {isa = PBXBuildFile; fileRef = 2A975E372BD907500043BD43 /* Assets.xcassets */; };
		2A975E3C2BD907500043BD43 /* Preview Assets.xcassets in Resources */ = {isa = PBXBuildFile; fileRef = 2A975E3B2BD907500043BD43 /* Preview Assets.xcassets */; };
		2A975E492BD908FB0043BD43 /* KeyboardViewController.swift in Sources */ = {isa = PBXBuildFile; fileRef = 2A975E482BD908FB0043BD43 /* KeyboardViewController.swift */; };
		2A975E4D2BD908FB0043BD43 /* KeyboardExtension.appex in Embed Foundation Extensions */ = {isa = PBXBuildFile; fileRef = 2A975E462BD908FB0043BD43 /* KeyboardExtension.appex */; settings = {ATTRIBUTES = (RemoveHeadersOnCopy, ); }; };
		2AA90A072BDB5C0F00EB52C2 /* Extension.swift in Sources */ = {isa = PBXBuildFile; fileRef = 2AA90A062BDB5C0F00EB52C2 /* Extension.swift */; };
		2ADB80FD2BE11B0B00AA8C9B /* ClipBoardViewModel.swift in Sources */ = {isa = PBXBuildFile; fileRef = 2ADB80FC2BE11B0B00AA8C9B /* ClipBoardViewModel.swift */; };
		2ADB80FF2BE11BA300AA8C9B /* ClipboardInfo.swift in Sources */ = {isa = PBXBuildFile; fileRef = 2ADB80FE2BE11BA300AA8C9B /* ClipboardInfo.swift */; };
/* End PBXBuildFile section */

/* Begin PBXContainerItemProxy section */
		2A975E4B2BD908FB0043BD43 /* PBXContainerItemProxy */ = {
			isa = PBXContainerItemProxy;
			containerPortal = 2A975E282BD9074D0043BD43 /* Project object */;
			proxyType = 1;
			remoteGlobalIDString = 2A975E452BD908FB0043BD43;
			remoteInfo = KeyboardExtension;
		};
/* End PBXContainerItemProxy section */

/* Begin PBXCopyFilesBuildPhase section */
		2A975E512BD908FB0043BD43 /* Embed Foundation Extensions */ = {
			isa = PBXCopyFilesBuildPhase;
			buildActionMask = 2147483647;
			dstPath = "";
			dstSubfolderSpec = 13;
			files = (
				2A975E4D2BD908FB0043BD43 /* KeyboardExtension.appex in Embed Foundation Extensions */,
			);
			name = "Embed Foundation Extensions";
			runOnlyForDeploymentPostprocessing = 0;
		};
/* End PBXCopyFilesBuildPhase section */

/* Begin PBXFileReference section */
		2A06A4ED2BDE31F2008C8EDF /* NavigationItemView.swift */ = {isa = PBXFileReference; lastKnownFileType = sourcecode.swift; path = NavigationItemView.swift; sourceTree = "<group>"; };
		2A06A4F02BDE3556008C8EDF /* Extensions.swift */ = {isa = PBXFileReference; lastKnownFileType = sourcecode.swift; path = Extensions.swift; sourceTree = "<group>"; };
		2A06A4F32BDE3C3B008C8EDF /* QuickTextGroupView.swift */ = {isa = PBXFileReference; lastKnownFileType = sourcecode.swift; path = QuickTextGroupView.swift; sourceTree = "<group>"; };
		2A06A4F52BDE3CD5008C8EDF /* CuttingBoardView.swift */ = {isa = PBXFileReference; lastKnownFileType = sourcecode.swift; path = CuttingBoardView.swift; sourceTree = "<group>"; };
		2A06A4F72BDE3CEE008C8EDF /* SettingView.swift */ = {isa = PBXFileReference; lastKnownFileType = sourcecode.swift; path = SettingView.swift; sourceTree = "<group>"; };
		2A06A4F92BDE4075008C8EDF /* Modifier.swift */ = {isa = PBXFileReference; lastKnownFileType = sourcecode.swift; path = Modifier.swift; sourceTree = "<group>"; };
		2A06A4FC2BDE4ED7008C8EDF /* QuickTextGroup.swift */ = {isa = PBXFileReference; lastKnownFileType = sourcecode.swift; path = QuickTextGroup.swift; sourceTree = "<group>"; };
		2A06A5002BDE54F4008C8EDF /* LabelView.swift */ = {isa = PBXFileReference; lastKnownFileType = sourcecode.swift; path = LabelView.swift; sourceTree = "<group>"; };
		2A06A5022BDE5765008C8EDF /* CreateLabelGroupView.swift */ = {isa = PBXFileReference; lastKnownFileType = sourcecode.swift; path = CreateLabelGroupView.swift; sourceTree = "<group>"; };
		2A06A5042BDF6DF0008C8EDF /* QuickTextViewModel.swift */ = {isa = PBXFileReference; lastKnownFileType = sourcecode.swift; path = QuickTextViewModel.swift; sourceTree = "<group>"; };
		2A06A5062BDF6EFE008C8EDF /* QuickText.swift */ = {isa = PBXFileReference; lastKnownFileType = sourcecode.swift; path = QuickText.swift; sourceTree = "<group>"; };
		2A06A5092BDF73F1008C8EDF /* CounterTool.swift */ = {isa = PBXFileReference; lastKnownFileType = sourcecode.swift; path = CounterTool.swift; sourceTree = "<group>"; };
		2A06A50B2BDF7E64008C8EDF /* Config.swift */ = {isa = PBXFileReference; lastKnownFileType = sourcecode.swift; path = Config.swift; sourceTree = "<group>"; };
		2A06A50D2BDFAA47008C8EDF /* QuickTextView.swift */ = {isa = PBXFileReference; lastKnownFileType = sourcecode.swift; path = QuickTextView.swift; sourceTree = "<group>"; };
		2A06A50F2BE0AC48008C8EDF /* CreateQuickTextView.swift */ = {isa = PBXFileReference; lastKnownFileType = sourcecode.swift; path = CreateQuickTextView.swift; sourceTree = "<group>"; };
		2A06A5112BE0AC97008C8EDF /* TitleView.swift */ = {isa = PBXFileReference; lastKnownFileType = sourcecode.swift; path = TitleView.swift; sourceTree = "<group>"; };
		2A06A5132BE0C6F1008C8EDF /* EditQuickTextView.swift */ = {isa = PBXFileReference; lastKnownFileType = sourcecode.swift; path = EditQuickTextView.swift; sourceTree = "<group>"; };
		2A06A5162BE0CAC7008C8EDF /* EditQuickGroupView.swift */ = {isa = PBXFileReference; lastKnownFileType = sourcecode.swift; path = EditQuickGroupView.swift; sourceTree = "<group>"; };
		2A06A5182BE0CB24008C8EDF /* DefaultColorCheckView.swift */ = {isa = PBXFileReference; lastKnownFileType = sourcecode.swift; path = DefaultColorCheckView.swift; sourceTree = "<group>"; };
		2A06A51A2BE0CFED008C8EDF /* AllQuickTextView.swift */ = {isa = PBXFileReference; lastKnownFileType = sourcecode.swift; path = AllQuickTextView.swift; sourceTree = "<group>"; };
		2A32B2722BE9D87000081DF6 /* QuickTextViewModel.swift */ = {isa = PBXFileReference; lastKnownFileType = sourcecode.swift; path = QuickTextViewModel.swift; sourceTree = "<group>"; };
		2A32B2752BE9D8C300081DF6 /* QuickText.swift */ = {isa = PBXFileReference; lastKnownFileType = sourcecode.swift; path = QuickText.swift; sourceTree = "<group>"; };
		2A32B2772BE9D8F400081DF6 /* QuickTextGroup.swift */ = {isa = PBXFileReference; lastKnownFileType = sourcecode.swift; path = QuickTextGroup.swift; sourceTree = "<group>"; };
		2A32B2792BE9DA2B00081DF6 /* Config.swift */ = {isa = PBXFileReference; lastKnownFileType = sourcecode.swift; path = Config.swift; sourceTree = "<group>"; };
		2A32B27E2BEA0D5300081DF6 /* QuickTextPage.swift */ = {isa = PBXFileReference; lastKnownFileType = sourcecode.swift; path = QuickTextPage.swift; sourceTree = "<group>"; };
		2A975E302BD9074D0043BD43 /* KeyboardTool.app */ = {isa = PBXFileReference; explicitFileType = wrapper.application; includeInIndex = 0; path = KeyboardTool.app; sourceTree = BUILT_PRODUCTS_DIR; };
		2A975E332BD9074D0043BD43 /* KeyboardToolApp.swift */ = {isa = PBXFileReference; lastKnownFileType = sourcecode.swift; path = KeyboardToolApp.swift; sourceTree = "<group>"; };
		2A975E352BD9074D0043BD43 /* ContentView.swift */ = {isa = PBXFileReference; lastKnownFileType = sourcecode.swift; path = ContentView.swift; sourceTree = "<group>"; };
		2A975E372BD907500043BD43 /* Assets.xcassets */ = {isa = PBXFileReference; lastKnownFileType = folder.assetcatalog; path = Assets.xcassets; sourceTree = "<group>"; };
		2A975E392BD907500043BD43 /* KeyboardTool.entitlements */ = {isa = PBXFileReference; lastKnownFileType = text.plist.entitlements; path = KeyboardTool.entitlements; sourceTree = "<group>"; };
		2A975E3B2BD907500043BD43 /* Preview Assets.xcassets */ = {isa = PBXFileReference; lastKnownFileType = folder.assetcatalog; path = "Preview Assets.xcassets"; sourceTree = "<group>"; };
		2A975E462BD908FB0043BD43 /* KeyboardExtension.appex */ = {isa = PBXFileReference; explicitFileType = "wrapper.app-extension"; includeInIndex = 0; path = KeyboardExtension.appex; sourceTree = BUILT_PRODUCTS_DIR; };
		2A975E482BD908FB0043BD43 /* KeyboardViewController.swift */ = {isa = PBXFileReference; lastKnownFileType = sourcecode.swift; path = KeyboardViewController.swift; sourceTree = "<group>"; };
		2A975E4A2BD908FB0043BD43 /* Info.plist */ = {isa = PBXFileReference; lastKnownFileType = text.plist.xml; path = Info.plist; sourceTree = "<group>"; };
		2AA90A062BDB5C0F00EB52C2 /* Extension.swift */ = {isa = PBXFileReference; lastKnownFileType = sourcecode.swift; path = Extension.swift; sourceTree = "<group>"; };
		2AA90A082BDB7F4900EB52C2 /* KeyboardExtension.entitlements */ = {isa = PBXFileReference; lastKnownFileType = text.plist.entitlements; path = KeyboardExtension.entitlements; sourceTree = "<group>"; };
		2ADB80FC2BE11B0B00AA8C9B /* ClipBoardViewModel.swift */ = {isa = PBXFileReference; lastKnownFileType = sourcecode.swift; path = ClipBoardViewModel.swift; sourceTree = "<group>"; };
		2ADB80FE2BE11BA300AA8C9B /* ClipboardInfo.swift */ = {isa = PBXFileReference; lastKnownFileType = sourcecode.swift; path = ClipboardInfo.swift; sourceTree = "<group>"; };
/* End PBXFileReference section */

/* Begin PBXFrameworksBuildPhase section */
		2A975E2D2BD9074D0043BD43 /* Frameworks */ = {
			isa = PBXFrameworksBuildPhase;
			buildActionMask = 2147483647;
			files = (
			);
			runOnlyForDeploymentPostprocessing = 0;
		};
		2A975E432BD908FB0043BD43 /* Frameworks */ = {
			isa = PBXFrameworksBuildPhase;
			buildActionMask = 2147483647;
			files = (
			);
			runOnlyForDeploymentPostprocessing = 0;
		};
/* End PBXFrameworksBuildPhase section */

/* Begin PBXGroup section */
		2A06A4EC2BDE3187008C8EDF /* SubView */ = {
			isa = PBXGroup;
			children = (
				2A06A4ED2BDE31F2008C8EDF /* NavigationItemView.swift */,
				2A06A5002BDE54F4008C8EDF /* LabelView.swift */,
				2A06A5112BE0AC97008C8EDF /* TitleView.swift */,
				2A06A5182BE0CB24008C8EDF /* DefaultColorCheckView.swift */,
			);
			path = SubView;
			sourceTree = "<group>";
		};
		2A06A4EF2BDE3545008C8EDF /* Tools */ = {
			isa = PBXGroup;
			children = (
				2A06A5092BDF73F1008C8EDF /* CounterTool.swift */,
				2A06A4F02BDE3556008C8EDF /* Extensions.swift */,
				2A06A4F92BDE4075008C8EDF /* Modifier.swift */,
			);
			path = Tools;
			sourceTree = "<group>";
		};
		2A06A4F22BDE3C0F008C8EDF /* Page */ = {
			isa = PBXGroup;
			children = (
				2A06A5152BE0C714008C8EDF /* Dialog */,
				2A06A4F32BDE3C3B008C8EDF /* QuickTextGroupView.swift */,
				2A06A4F52BDE3CD5008C8EDF /* CuttingBoardView.swift */,
				2A06A4F72BDE3CEE008C8EDF /* SettingView.swift */,
				2A06A50D2BDFAA47008C8EDF /* QuickTextView.swift */,
				2A06A51A2BE0CFED008C8EDF /* AllQuickTextView.swift */,
			);
			path = Page;
			sourceTree = "<group>";
		};
		2A06A4FB2BDE4E9A008C8EDF /* Bean */ = {
			isa = PBXGroup;
			children = (
				2A06A4FC2BDE4ED7008C8EDF /* QuickTextGroup.swift */,
				2A06A5062BDF6EFE008C8EDF /* QuickText.swift */,
				2ADB80FE2BE11BA300AA8C9B /* ClipboardInfo.swift */,
			);
			path = Bean;
			sourceTree = "<group>";
		};
		2A06A5082BDF73C0008C8EDF /* ViewModel */ = {
			isa = PBXGroup;
			children = (
				2A06A5042BDF6DF0008C8EDF /* QuickTextViewModel.swift */,
				2ADB80FC2BE11B0B00AA8C9B /* ClipBoardViewModel.swift */,
			);
			path = ViewModel;
			sourceTree = "<group>";
		};
		2A06A5152BE0C714008C8EDF /* Dialog */ = {
			isa = PBXGroup;
			children = (
				2A06A50F2BE0AC48008C8EDF /* CreateQuickTextView.swift */,
				2A06A5132BE0C6F1008C8EDF /* EditQuickTextView.swift */,
				2A06A5022BDE5765008C8EDF /* CreateLabelGroupView.swift */,
				2A06A5162BE0CAC7008C8EDF /* EditQuickGroupView.swift */,
			);
			path = Dialog;
			sourceTree = "<group>";
		};
		2A32B2712BE9D84F00081DF6 /* ViewModel */ = {
			isa = PBXGroup;
			children = (
				2A32B2722BE9D87000081DF6 /* QuickTextViewModel.swift */,
			);
			path = ViewModel;
			sourceTree = "<group>";
		};
		2A32B2742BE9D8A800081DF6 /* Bean */ = {
			isa = PBXGroup;
			children = (
				2A32B2752BE9D8C300081DF6 /* QuickText.swift */,
				2A32B2772BE9D8F400081DF6 /* QuickTextGroup.swift */,
			);
			path = Bean;
			sourceTree = "<group>";
		};
		2A32B27D2BEA0D0000081DF6 /* Page */ = {
			isa = PBXGroup;
			children = (
				2A32B27E2BEA0D5300081DF6 /* QuickTextPage.swift */,
			);
			path = Page;
			sourceTree = "<group>";
		};
		2A975E272BD9074D0043BD43 = {
			isa = PBXGroup;
			children = (
				2A975E322BD9074D0043BD43 /* KeyboardTool */,
				2A975E472BD908FB0043BD43 /* KeyboardExtension */,
				2A975E312BD9074D0043BD43 /* Products */,
			);
			sourceTree = "<group>";
		};
		2A975E312BD9074D0043BD43 /* Products */ = {
			isa = PBXGroup;
			children = (
				2A975E302BD9074D0043BD43 /* KeyboardTool.app */,
				2A975E462BD908FB0043BD43 /* KeyboardExtension.appex */,
			);
			name = Products;
			sourceTree = "<group>";
		};
		2A975E322BD9074D0043BD43 /* KeyboardTool */ = {
			isa = PBXGroup;
			children = (
				2A06A5082BDF73C0008C8EDF /* ViewModel */,
				2A06A4FB2BDE4E9A008C8EDF /* Bean */,
				2A06A4F22BDE3C0F008C8EDF /* Page */,
				2A06A4EF2BDE3545008C8EDF /* Tools */,
				2A06A4EC2BDE3187008C8EDF /* SubView */,
				2A975E332BD9074D0043BD43 /* KeyboardToolApp.swift */,
				2A975E352BD9074D0043BD43 /* ContentView.swift */,
				2A975E372BD907500043BD43 /* Assets.xcassets */,
				2A975E392BD907500043BD43 /* KeyboardTool.entitlements */,
				2A975E3A2BD907500043BD43 /* Preview Content */,
				2A06A50B2BDF7E64008C8EDF /* Config.swift */,
			);
			path = KeyboardTool;
			sourceTree = "<group>";
		};
		2A975E3A2BD907500043BD43 /* Preview Content */ = {
			isa = PBXGroup;
			children = (
				2A975E3B2BD907500043BD43 /* Preview Assets.xcassets */,
			);
			path = "Preview Content";
			sourceTree = "<group>";
		};
		2A975E472BD908FB0043BD43 /* KeyboardExtension */ = {
			isa = PBXGroup;
			children = (
				2A32B27D2BEA0D0000081DF6 /* Page */,
				2A32B2742BE9D8A800081DF6 /* Bean */,
				2A32B2712BE9D84F00081DF6 /* ViewModel */,
				2AA90A082BDB7F4900EB52C2 /* KeyboardExtension.entitlements */,
				2A975E482BD908FB0043BD43 /* KeyboardViewController.swift */,
				2A975E4A2BD908FB0043BD43 /* Info.plist */,
				2AA90A062BDB5C0F00EB52C2 /* Extension.swift */,
				2A32B2792BE9DA2B00081DF6 /* Config.swift */,
			);
			path = KeyboardExtension;
			sourceTree = "<group>";
		};
/* End PBXGroup section */

/* Begin PBXNativeTarget section */
		2A975E2F2BD9074D0043BD43 /* KeyboardTool */ = {
			isa = PBXNativeTarget;
			buildConfigurationList = 2A975E3F2BD907500043BD43 /* Build configuration list for PBXNativeTarget "KeyboardTool" */;
			buildPhases = (
				2A975E2C2BD9074D0043BD43 /* Sources */,
				2A975E2D2BD9074D0043BD43 /* Frameworks */,
				2A975E2E2BD9074D0043BD43 /* Resources */,
				2A975E512BD908FB0043BD43 /* Embed Foundation Extensions */,
			);
			buildRules = (
			);
			dependencies = (
				2A975E4C2BD908FB0043BD43 /* PBXTargetDependency */,
			);
			name = KeyboardTool;
			productName = KeyboardTool;
			productReference = 2A975E302BD9074D0043BD43 /* KeyboardTool.app */;
			productType = "com.apple.product-type.application";
		};
		2A975E452BD908FB0043BD43 /* KeyboardExtension */ = {
			isa = PBXNativeTarget;
			buildConfigurationList = 2A975E4E2BD908FB0043BD43 /* Build configuration list for PBXNativeTarget "KeyboardExtension" */;
			buildPhases = (
				2A975E422BD908FB0043BD43 /* Sources */,
				2A975E432BD908FB0043BD43 /* Frameworks */,
				2A975E442BD908FB0043BD43 /* Resources */,
			);
			buildRules = (
			);
			dependencies = (
			);
			name = KeyboardExtension;
			productName = KeyboardExtension;
			productReference = 2A975E462BD908FB0043BD43 /* KeyboardExtension.appex */;
			productType = "com.apple.product-type.app-extension";
		};
/* End PBXNativeTarget section */

/* Begin PBXProject section */
		2A975E282BD9074D0043BD43 /* Project object */ = {
			isa = PBXProject;
			attributes = {
				BuildIndependentTargetsInParallel = 1;
				LastSwiftUpdateCheck = 1530;
				LastUpgradeCheck = 1530;
				TargetAttributes = {
					2A975E2F2BD9074D0043BD43 = {
						CreatedOnToolsVersion = 15.3;
					};
					2A975E452BD908FB0043BD43 = {
						CreatedOnToolsVersion = 15.3;
					};
				};
			};
			buildConfigurationList = 2A975E2B2BD9074D0043BD43 /* Build configuration list for PBXProject "KeyboardTool" */;
			compatibilityVersion = "Xcode 14.0";
			developmentRegion = en;
			hasScannedForEncodings = 0;
			knownRegions = (
				en,
				Base,
			);
			mainGroup = 2A975E272BD9074D0043BD43;
			productRefGroup = 2A975E312BD9074D0043BD43 /* Products */;
			projectDirPath = "";
			projectRoot = "";
			targets = (
				2A975E2F2BD9074D0043BD43 /* KeyboardTool */,
				2A975E452BD908FB0043BD43 /* KeyboardExtension */,
			);
		};
/* End PBXProject section */

/* Begin PBXResourcesBuildPhase section */
		2A975E2E2BD9074D0043BD43 /* Resources */ = {
			isa = PBXResourcesBuildPhase;
			buildActionMask = 2147483647;
			files = (
				2A975E3C2BD907500043BD43 /* Preview Assets.xcassets in Resources */,
				2A975E382BD907500043BD43 /* Assets.xcassets in Resources */,
			);
			runOnlyForDeploymentPostprocessing = 0;
		};
		2A975E442BD908FB0043BD43 /* Resources */ = {
			isa = PBXResourcesBuildPhase;
			buildActionMask = 2147483647;
			files = (
			);
			runOnlyForDeploymentPostprocessing = 0;
		};
/* End PBXResourcesBuildPhase section */

/* Begin PBXSourcesBuildPhase section */
		2A975E2C2BD9074D0043BD43 /* Sources */ = {
			isa = PBXSourcesBuildPhase;
			buildActionMask = 2147483647;
			files = (
				2A06A4FA2BDE4075008C8EDF /* Modifier.swift in Sources */,
				2A975E362BD9074D0043BD43 /* ContentView.swift in Sources */,
				2ADB80FF2BE11BA300AA8C9B /* ClipboardInfo.swift in Sources */,
				2A06A50C2BDF7E64008C8EDF /* Config.swift in Sources */,
				2A06A4F42BDE3C3B008C8EDF /* QuickTextGroupView.swift in Sources */,
				2A975E342BD9074D0043BD43 /* KeyboardToolApp.swift in Sources */,
				2A06A5122BE0AC97008C8EDF /* TitleView.swift in Sources */,
				2A06A4F82BDE3CEE008C8EDF /* SettingView.swift in Sources */,
				2A06A5142BE0C6F1008C8EDF /* EditQuickTextView.swift in Sources */,
				2A06A4EE2BDE31F2008C8EDF /* NavigationItemView.swift in Sources */,
				2A06A4F62BDE3CD5008C8EDF /* CuttingBoardView.swift in Sources */,
				2A06A50A2BDF73F1008C8EDF /* CounterTool.swift in Sources */,
				2A06A5032BDE5765008C8EDF /* CreateLabelGroupView.swift in Sources */,
				2A06A5052BDF6DF0008C8EDF /* QuickTextViewModel.swift in Sources */,
				2ADB80FD2BE11B0B00AA8C9B /* ClipBoardViewModel.swift in Sources */,
				2A06A50E2BDFAA47008C8EDF /* QuickTextView.swift in Sources */,
				2A06A5172BE0CAC7008C8EDF /* EditQuickGroupView.swift in Sources */,
				2A06A5192BE0CB24008C8EDF /* DefaultColorCheckView.swift in Sources */,
				2A06A4F12BDE3556008C8EDF /* Extensions.swift in Sources */,
				2A06A5072BDF6EFE008C8EDF /* QuickText.swift in Sources */,
				2A06A4FD2BDE4ED7008C8EDF /* QuickTextGroup.swift in Sources */,
				2A06A51B2BE0CFED008C8EDF /* AllQuickTextView.swift in Sources */,
				2A06A5102BE0AC48008C8EDF /* CreateQuickTextView.swift in Sources */,
				2A06A5012BDE54F4008C8EDF /* LabelView.swift in Sources */,
			);
			runOnlyForDeploymentPostprocessing = 0;
		};
		2A975E422BD908FB0043BD43 /* Sources */ = {
			isa = PBXSourcesBuildPhase;
			buildActionMask = 2147483647;
			files = (
				2A32B2782BE9D8F400081DF6 /* QuickTextGroup.swift in Sources */,
				2A32B2762BE9D8C300081DF6 /* QuickText.swift in Sources */,
				2A32B2732BE9D87000081DF6 /* QuickTextViewModel.swift in Sources */,
				2A975E492BD908FB0043BD43 /* KeyboardViewController.swift in Sources */,
				2AA90A072BDB5C0F00EB52C2 /* Extension.swift in Sources */,
				2A32B27F2BEA0D5300081DF6 /* QuickTextPage.swift in Sources */,
				2A32B27A2BE9DA2B00081DF6 /* Config.swift in Sources */,
			);
			runOnlyForDeploymentPostprocessing = 0;
		};
/* End PBXSourcesBuildPhase section */

/* Begin PBXTargetDependency section */
		2A975E4C2BD908FB0043BD43 /* PBXTargetDependency */ = {
			isa = PBXTargetDependency;
			target = 2A975E452BD908FB0043BD43 /* KeyboardExtension */;
			targetProxy = 2A975E4B2BD908FB0043BD43 /* PBXContainerItemProxy */;
		};
/* End PBXTargetDependency section */

/* Begin XCBuildConfiguration section */
		2A975E3D2BD907500043BD43 /* Debug */ = {
			isa = XCBuildConfiguration;
			buildSettings = {
				ALWAYS_SEARCH_USER_PATHS = NO;
				ASSETCATALOG_COMPILER_GENERATE_SWIFT_ASSET_SYMBOL_EXTENSIONS = YES;
				CLANG_ANALYZER_NONNULL = YES;
				CLANG_ANALYZER_NUMBER_OBJECT_CONVERSION = YES_AGGRESSIVE;
				CLANG_CXX_LANGUAGE_STANDARD = "gnu++20";
				CLANG_ENABLE_MODULES = YES;
				CLANG_ENABLE_OBJC_ARC = YES;
				CLANG_ENABLE_OBJC_WEAK = YES;
				CLANG_WARN_BLOCK_CAPTURE_AUTORELEASING = YES;
				CLANG_WARN_BOOL_CONVERSION = YES;
				CLANG_WARN_COMMA = YES;
				CLANG_WARN_CONSTANT_CONVERSION = YES;
				CLANG_WARN_DEPRECATED_OBJC_IMPLEMENTATIONS = YES;
				CLANG_WARN_DIRECT_OBJC_ISA_USAGE = YES_ERROR;
				CLANG_WARN_DOCUMENTATION_COMMENTS = YES;
				CLANG_WARN_EMPTY_BODY = YES;
				CLANG_WARN_ENUM_CONVERSION = YES;
				CLANG_WARN_INFINITE_RECURSION = YES;
				CLANG_WARN_INT_CONVERSION = YES;
				CLANG_WARN_NON_LITERAL_NULL_CONVERSION = YES;
				CLANG_WARN_OBJC_IMPLICIT_RETAIN_SELF = YES;
				CLANG_WARN_OBJC_LITERAL_CONVERSION = YES;
				CLANG_WARN_OBJC_ROOT_CLASS = YES_ERROR;
				CLANG_WARN_QUOTED_INCLUDE_IN_FRAMEWORK_HEADER = YES;
				CLANG_WARN_RANGE_LOOP_ANALYSIS = YES;
				CLANG_WARN_STRICT_PROTOTYPES = YES;
				CLANG_WARN_SUSPICIOUS_MOVE = YES;
				CLANG_WARN_UNGUARDED_AVAILABILITY = YES_AGGRESSIVE;
				CLANG_WARN_UNREACHABLE_CODE = YES;
				CLANG_WARN__DUPLICATE_METHOD_MATCH = YES;
				COPY_PHASE_STRIP = NO;
				DEBUG_INFORMATION_FORMAT = dwarf;
				ENABLE_STRICT_OBJC_MSGSEND = YES;
				ENABLE_TESTABILITY = YES;
				ENABLE_USER_SCRIPT_SANDBOXING = YES;
				GCC_C_LANGUAGE_STANDARD = gnu17;
				GCC_DYNAMIC_NO_PIC = NO;
				GCC_NO_COMMON_BLOCKS = YES;
				GCC_OPTIMIZATION_LEVEL = 0;
				GCC_PREPROCESSOR_DEFINITIONS = (
					"DEBUG=1",
					"$(inherited)",
				);
				GCC_WARN_64_TO_32_BIT_CONVERSION = YES;
				GCC_WARN_ABOUT_RETURN_TYPE = YES_ERROR;
				GCC_WARN_UNDECLARED_SELECTOR = YES;
				GCC_WARN_UNINITIALIZED_AUTOS = YES_AGGRESSIVE;
				GCC_WARN_UNUSED_FUNCTION = YES;
				GCC_WARN_UNUSED_VARIABLE = YES;
				LOCALIZATION_PREFERS_STRING_CATALOGS = YES;
				MTL_ENABLE_DEBUG_INFO = INCLUDE_SOURCE;
				MTL_FAST_MATH = YES;
				ONLY_ACTIVE_ARCH = YES;
				SWIFT_ACTIVE_COMPILATION_CONDITIONS = "DEBUG $(inherited)";
				SWIFT_OPTIMIZATION_LEVEL = "-Onone";
			};
			name = Debug;
		};
		2A975E3E2BD907500043BD43 /* Release */ = {
			isa = XCBuildConfiguration;
			buildSettings = {
				ALWAYS_SEARCH_USER_PATHS = NO;
				ASSETCATALOG_COMPILER_GENERATE_SWIFT_ASSET_SYMBOL_EXTENSIONS = YES;
				CLANG_ANALYZER_NONNULL = YES;
				CLANG_ANALYZER_NUMBER_OBJECT_CONVERSION = YES_AGGRESSIVE;
				CLANG_CXX_LANGUAGE_STANDARD = "gnu++20";
				CLANG_ENABLE_MODULES = YES;
				CLANG_ENABLE_OBJC_ARC = YES;
				CLANG_ENABLE_OBJC_WEAK = YES;
				CLANG_WARN_BLOCK_CAPTURE_AUTORELEASING = YES;
				CLANG_WARN_BOOL_CONVERSION = YES;
				CLANG_WARN_COMMA = YES;
				CLANG_WARN_CONSTANT_CONVERSION = YES;
				CLANG_WARN_DEPRECATED_OBJC_IMPLEMENTATIONS = YES;
				CLANG_WARN_DIRECT_OBJC_ISA_USAGE = YES_ERROR;
				CLANG_WARN_DOCUMENTATION_COMMENTS = YES;
				CLANG_WARN_EMPTY_BODY = YES;
				CLANG_WARN_ENUM_CONVERSION = YES;
				CLANG_WARN_INFINITE_RECURSION = YES;
				CLANG_WARN_INT_CONVERSION = YES;
				CLANG_WARN_NON_LITERAL_NULL_CONVERSION = YES;
				CLANG_WARN_OBJC_IMPLICIT_RETAIN_SELF = YES;
				CLANG_WARN_OBJC_LITERAL_CONVERSION = YES;
				CLANG_WARN_OBJC_ROOT_CLASS = YES_ERROR;
				CLANG_WARN_QUOTED_INCLUDE_IN_FRAMEWORK_HEADER = YES;
				CLANG_WARN_RANGE_LOOP_ANALYSIS = YES;
				CLANG_WARN_STRICT_PROTOTYPES = YES;
				CLANG_WARN_SUSPICIOUS_MOVE = YES;
				CLANG_WARN_UNGUARDED_AVAILABILITY = YES_AGGRESSIVE;
				CLANG_WARN_UNREACHABLE_CODE = YES;
				CLANG_WARN__DUPLICATE_METHOD_MATCH = YES;
				COPY_PHASE_STRIP = NO;
				DEBUG_INFORMATION_FORMAT = "dwarf-with-dsym";
				ENABLE_NS_ASSERTIONS = NO;
				ENABLE_STRICT_OBJC_MSGSEND = YES;
				ENABLE_USER_SCRIPT_SANDBOXING = YES;
				GCC_C_LANGUAGE_STANDARD = gnu17;
				GCC_NO_COMMON_BLOCKS = YES;
				GCC_WARN_64_TO_32_BIT_CONVERSION = YES;
				GCC_WARN_ABOUT_RETURN_TYPE = YES_ERROR;
				GCC_WARN_UNDECLARED_SELECTOR = YES;
				GCC_WARN_UNINITIALIZED_AUTOS = YES_AGGRESSIVE;
				GCC_WARN_UNUSED_FUNCTION = YES;
				GCC_WARN_UNUSED_VARIABLE = YES;
				LOCALIZATION_PREFERS_STRING_CATALOGS = YES;
				MTL_ENABLE_DEBUG_INFO = NO;
				MTL_FAST_MATH = YES;
				SWIFT_COMPILATION_MODE = wholemodule;
			};
			name = Release;
		};
		2A975E402BD907500043BD43 /* Debug */ = {
			isa = XCBuildConfiguration;
			buildSettings = {
				ALWAYS_EMBED_SWIFT_STANDARD_LIBRARIES = YES;
				ASSETCATALOG_COMPILER_APPICON_NAME = AppIcon;
				ASSETCATALOG_COMPILER_GLOBAL_ACCENT_COLOR_NAME = AccentColor;
				CODE_SIGN_ENTITLEMENTS = KeyboardTool/KeyboardTool.entitlements;
				CODE_SIGN_STYLE = Automatic;
				CURRENT_PROJECT_VERSION = 1;
				DEVELOPMENT_ASSET_PATHS = "\"KeyboardTool/Preview Content\"";
				DEVELOPMENT_TEAM = TTMA3UNJ79;
				ENABLE_HARDENED_RUNTIME = YES;
				ENABLE_PREVIEWS = YES;
				GENERATE_INFOPLIST_FILE = YES;
				"INFOPLIST_KEY_UIApplicationSceneManifest_Generation[sdk=iphoneos*]" = YES;
				"INFOPLIST_KEY_UIApplicationSceneManifest_Generation[sdk=iphonesimulator*]" = YES;
				"INFOPLIST_KEY_UIApplicationSupportsIndirectInputEvents[sdk=iphoneos*]" = YES;
				"INFOPLIST_KEY_UIApplicationSupportsIndirectInputEvents[sdk=iphonesimulator*]" = YES;
				"INFOPLIST_KEY_UILaunchScreen_Generation[sdk=iphoneos*]" = YES;
				"INFOPLIST_KEY_UILaunchScreen_Generation[sdk=iphonesimulator*]" = YES;
				"INFOPLIST_KEY_UIStatusBarStyle[sdk=iphoneos*]" = UIStatusBarStyleDefault;
				"INFOPLIST_KEY_UIStatusBarStyle[sdk=iphonesimulator*]" = UIStatusBarStyleDefault;
				INFOPLIST_KEY_UISupportedInterfaceOrientations_iPad = "UIInterfaceOrientationPortrait UIInterfaceOrientationPortraitUpsideDown UIInterfaceOrientationLandscapeLeft UIInterfaceOrientationLandscapeRight";
				INFOPLIST_KEY_UISupportedInterfaceOrientations_iPhone = "UIInterfaceOrientationPortrait UIInterfaceOrientationLandscapeLeft UIInterfaceOrientationLandscapeRight";
				IPHONEOS_DEPLOYMENT_TARGET = 16.0;
				LD_RUNPATH_SEARCH_PATHS = "@executable_path/Frameworks";
				"LD_RUNPATH_SEARCH_PATHS[sdk=macosx*]" = "@executable_path/../Frameworks";
				MACOSX_DEPLOYMENT_TARGET = 14.4;
				MARKETING_VERSION = 1.0;
				PRODUCT_BUNDLE_IDENTIFIER = dev.tools.keyboard.KeyboardTool;
				PRODUCT_NAME = "$(TARGET_NAME)";
				SDKROOT = auto;
				SUPPORTED_PLATFORMS = "iphoneos iphonesimulator macosx";
				SWIFT_EMIT_LOC_STRINGS = YES;
				SWIFT_VERSION = 5.0;
				TARGETED_DEVICE_FAMILY = "1,2";
			};
			name = Debug;
		};
		2A975E412BD907500043BD43 /* Release */ = {
			isa = XCBuildConfiguration;
			buildSettings = {
				ALWAYS_EMBED_SWIFT_STANDARD_LIBRARIES = YES;
				ASSETCATALOG_COMPILER_APPICON_NAME = AppIcon;
				ASSETCATALOG_COMPILER_GLOBAL_ACCENT_COLOR_NAME = AccentColor;
				CODE_SIGN_ENTITLEMENTS = KeyboardTool/KeyboardTool.entitlements;
				CODE_SIGN_STYLE = Automatic;
				CURRENT_PROJECT_VERSION = 1;
				DEVELOPMENT_ASSET_PATHS = "\"KeyboardTool/Preview Content\"";
				DEVELOPMENT_TEAM = TTMA3UNJ79;
				ENABLE_HARDENED_RUNTIME = YES;
				ENABLE_PREVIEWS = YES;
				GENERATE_INFOPLIST_FILE = YES;
				"INFOPLIST_KEY_UIApplicationSceneManifest_Generation[sdk=iphoneos*]" = YES;
				"INFOPLIST_KEY_UIApplicationSceneManifest_Generation[sdk=iphonesimulator*]" = YES;
				"INFOPLIST_KEY_UIApplicationSupportsIndirectInputEvents[sdk=iphoneos*]" = YES;
				"INFOPLIST_KEY_UIApplicationSupportsIndirectInputEvents[sdk=iphonesimulator*]" = YES;
				"INFOPLIST_KEY_UILaunchScreen_Generation[sdk=iphoneos*]" = YES;
				"INFOPLIST_KEY_UILaunchScreen_Generation[sdk=iphonesimulator*]" = YES;
				"INFOPLIST_KEY_UIStatusBarStyle[sdk=iphoneos*]" = UIStatusBarStyleDefault;
				"INFOPLIST_KEY_UIStatusBarStyle[sdk=iphonesimulator*]" = UIStatusBarStyleDefault;
				INFOPLIST_KEY_UISupportedInterfaceOrientations_iPad = "UIInterfaceOrientationPortrait UIInterfaceOrientationPortraitUpsideDown UIInterfaceOrientationLandscapeLeft UIInterfaceOrientationLandscapeRight";
				INFOPLIST_KEY_UISupportedInterfaceOrientations_iPhone = "UIInterfaceOrientationPortrait UIInterfaceOrientationLandscapeLeft UIInterfaceOrientationLandscapeRight";
				IPHONEOS_DEPLOYMENT_TARGET = 16.0;
				LD_RUNPATH_SEARCH_PATHS = "@executable_path/Frameworks";
				"LD_RUNPATH_SEARCH_PATHS[sdk=macosx*]" = "@executable_path/../Frameworks";
				MACOSX_DEPLOYMENT_TARGET = 14.4;
				MARKETING_VERSION = 1.0;
				PRODUCT_BUNDLE_IDENTIFIER = dev.tools.keyboard.KeyboardTool;
				PRODUCT_NAME = "$(TARGET_NAME)";
				SDKROOT = auto;
				SUPPORTED_PLATFORMS = "iphoneos iphonesimulator macosx";
				SWIFT_EMIT_LOC_STRINGS = YES;
				SWIFT_VERSION = 5.0;
				TARGETED_DEVICE_FAMILY = "1,2";
			};
			name = Release;
		};
		2A975E4F2BD908FB0043BD43 /* Debug */ = {
			isa = XCBuildConfiguration;
			buildSettings = {
				CODE_SIGN_ENTITLEMENTS = KeyboardExtension/KeyboardExtension.entitlements;
				CODE_SIGN_STYLE = Automatic;
				CURRENT_PROJECT_VERSION = 1;
				DEVELOPMENT_TEAM = TTMA3UNJ79;
				GENERATE_INFOPLIST_FILE = YES;
				INFOPLIST_FILE = KeyboardExtension/Info.plist;
				INFOPLIST_KEY_CFBundleDisplayName = KeyboardExtension;
				INFOPLIST_KEY_NSHumanReadableCopyright = "";
				IPHONEOS_DEPLOYMENT_TARGET = 16.0;
				LD_RUNPATH_SEARCH_PATHS = (
					"$(inherited)",
					"@executable_path/Frameworks",
					"@executable_path/../../Frameworks",
				);
				MARKETING_VERSION = 1.0;
				PRODUCT_BUNDLE_IDENTIFIER = dev.tools.keyboard.KeyboardTool.KeyboardExtension;
				PRODUCT_NAME = "$(TARGET_NAME)";
				SDKROOT = iphoneos;
				SKIP_INSTALL = YES;
				SUPPORTED_PLATFORMS = "iphoneos iphonesimulator";
				SUPPORTS_MACCATALYST = NO;
				SUPPORTS_XR_DESIGNED_FOR_IPHONE_IPAD = NO;
				SWIFT_EMIT_LOC_STRINGS = YES;
				SWIFT_VERSION = 5.0;
				TARGETED_DEVICE_FAMILY = "1,2";
			};
			name = Debug;
		};
		2A975E502BD908FB0043BD43 /* Release */ = {
			isa = XCBuildConfiguration;
			buildSettings = {
				CODE_SIGN_ENTITLEMENTS = KeyboardExtension/KeyboardExtension.entitlements;
				CODE_SIGN_STYLE = Automatic;
				CURRENT_PROJECT_VERSION = 1;
				DEVELOPMENT_TEAM = TTMA3UNJ79;
				GENERATE_INFOPLIST_FILE = YES;
				INFOPLIST_FILE = KeyboardExtension/Info.plist;
				INFOPLIST_KEY_CFBundleDisplayName = KeyboardExtension;
				INFOPLIST_KEY_NSHumanReadableCopyright = "";
				IPHONEOS_DEPLOYMENT_TARGET = 16.0;
				LD_RUNPATH_SEARCH_PATHS = (
					"$(inherited)",
					"@executable_path/Frameworks",
					"@executable_path/../../Frameworks",
				);
				MARKETING_VERSION = 1.0;
				PRODUCT_BUNDLE_IDENTIFIER = dev.tools.keyboard.KeyboardTool.KeyboardExtension;
				PRODUCT_NAME = "$(TARGET_NAME)";
				SDKROOT = iphoneos;
				SKIP_INSTALL = YES;
				SUPPORTED_PLATFORMS = "iphoneos iphonesimulator";
				SUPPORTS_MACCATALYST = NO;
				SUPPORTS_XR_DESIGNED_FOR_IPHONE_IPAD = NO;
				SWIFT_EMIT_LOC_STRINGS = YES;
				SWIFT_VERSION = 5.0;
				TARGETED_DEVICE_FAMILY = "1,2";
				VALIDATE_PRODUCT = YES;
			};
			name = Release;
		};
/* End XCBuildConfiguration section */

/* Begin XCConfigurationList section */
		2A975E2B2BD9074D0043BD43 /* Build configuration list for PBXProject "KeyboardTool" */ = {
			isa = XCConfigurationList;
			buildConfigurations = (
				2A975E3D2BD907500043BD43 /* Debug */,
				2A975E3E2BD907500043BD43 /* Release */,
			);
			defaultConfigurationIsVisible = 0;
			defaultConfigurationName = Release;
		};
		2A975E3F2BD907500043BD43 /* Build configuration list for PBXNativeTarget "KeyboardTool" */ = {
			isa = XCConfigurationList;
			buildConfigurations = (
				2A975E402BD907500043BD43 /* Debug */,
				2A975E412BD907500043BD43 /* Release */,
			);
			defaultConfigurationIsVisible = 0;
			defaultConfigurationName = Release;
		};
		2A975E4E2BD908FB0043BD43 /* Build configuration list for PBXNativeTarget "KeyboardExtension" */ = {
			isa = XCConfigurationList;
			buildConfigurations = (
				2A975E4F2BD908FB0043BD43 /* Debug */,
				2A975E502BD908FB0043BD43 /* Release */,
			);
			defaultConfigurationIsVisible = 0;
			defaultConfigurationName = Release;
		};
/* End XCConfigurationList section */
	};
	rootObject = 2A975E282BD9074D0043BD43 /* Project object */;
}
